// !$*UTF8*$!
{
	archiveVersion = 1;
	classes = {
	};
	objectVersion = 50;
	objects = {

/* Begin PBXBuildFile section */
		06135781213ED79F000E3AEE /* TextFileMO.swift in Sources */ = {isa = PBXBuildFile; fileRef = 06135780213ED79F000E3AEE /* TextFileMO.swift */; };
		06135787213ED9D4000E3AEE /* TextFileDAO.swift in Sources */ = {isa = PBXBuildFile; fileRef = 06135786213ED9D4000E3AEE /* TextFileDAO.swift */; };
		061888C22144C98200A1B2E7 /* DocumentEncodingPreviewViewController.swift in Sources */ = {isa = PBXBuildFile; fileRef = 061888C12144C98200A1B2E7 /* DocumentEncodingPreviewViewController.swift */; };
		064344BF212DBB1600EDFA2E /* AppDelegate.swift in Sources */ = {isa = PBXBuildFile; fileRef = 064344BE212DBB1600EDFA2E /* AppDelegate.swift */; };
		064344C1212DBB1600EDFA2E /* TextViewController.swift in Sources */ = {isa = PBXBuildFile; fileRef = 064344C0212DBB1600EDFA2E /* TextViewController.swift */; };
		064344C7212DBB1600EDFA2E /* iOS_txtreader.xcdatamodeld in Sources */ = {isa = PBXBuildFile; fileRef = 064344C5212DBB1600EDFA2E /* iOS_txtreader.xcdatamodeld */; };
		064344C9212DBB1600EDFA2E /* Assets.xcassets in Resources */ = {isa = PBXBuildFile; fileRef = 064344C8212DBB1600EDFA2E /* Assets.xcassets */; };
		064344CC212DBB1600EDFA2E /* LaunchScreen.storyboard in Resources */ = {isa = PBXBuildFile; fileRef = 064344CA212DBB1600EDFA2E /* LaunchScreen.storyboard */; };
		069A8EE82130F9FB00CB6004 /* TextViewCell.swift in Sources */ = {isa = PBXBuildFile; fileRef = 069A8EE72130F9FB00CB6004 /* TextViewCell.swift */; };
		069A8EEA2130FAE300CB6004 /* Extensions.swift in Sources */ = {isa = PBXBuildFile; fileRef = 069A8EE92130FAE300CB6004 /* Extensions.swift */; };
		069A8EF92131031500CB6004 /* NanumGothicBold.ttf in Resources */ = {isa = PBXBuildFile; fileRef = 069A8EF12131031400CB6004 /* NanumGothicBold.ttf */; };
		069A8EFA2131031500CB6004 /* NanumMyeongjoExtraBold.ttf in Resources */ = {isa = PBXBuildFile; fileRef = 069A8EF22131031400CB6004 /* NanumMyeongjoExtraBold.ttf */; };
		069A8EFB2131031500CB6004 /* NanumGothicExtraBold.ttf in Resources */ = {isa = PBXBuildFile; fileRef = 069A8EF32131031400CB6004 /* NanumGothicExtraBold.ttf */; };
		069A8EFC2131031500CB6004 /* NanumGothic.ttf in Resources */ = {isa = PBXBuildFile; fileRef = 069A8EF42131031400CB6004 /* NanumGothic.ttf */; };
		069A8EFD2131031500CB6004 /* NanumMyeongjoBold.ttf in Resources */ = {isa = PBXBuildFile; fileRef = 069A8EF52131031400CB6004 /* NanumMyeongjoBold.ttf */; };
		069A8EFE2131031500CB6004 /* NanumBrush.ttf in Resources */ = {isa = PBXBuildFile; fileRef = 069A8EF62131031500CB6004 /* NanumBrush.ttf */; };
		069A8EFF2131031500CB6004 /* NanumPen.ttf in Resources */ = {isa = PBXBuildFile; fileRef = 069A8EF72131031500CB6004 /* NanumPen.ttf */; };
		069A8F002131031500CB6004 /* NanumMyeongjo.ttf in Resources */ = {isa = PBXBuildFile; fileRef = 069A8EF82131031500CB6004 /* NanumMyeongjo.ttf */; };
		069A8F042131608C00CB6004 /* StreamReader.swift in Sources */ = {isa = PBXBuildFile; fileRef = 069A8F032131608C00CB6004 /* StreamReader.swift */; };
		069A8F06213161DF00CB6004 /* text.txt in Resources */ = {isa = PBXBuildFile; fileRef = 069A8F05213161DF00CB6004 /* text.txt */; };
		069A8F082131ACFD00CB6004 /* StringReader.swift in Sources */ = {isa = PBXBuildFile; fileRef = 069A8F072131ACFD00CB6004 /* StringReader.swift */; };
		06C9B30B21344A290080360C /* AnotherTextViewController.swift in Sources */ = {isa = PBXBuildFile; fileRef = 06C9B30A21344A290080360C /* AnotherTextViewController.swift */; };
		06C9B30D213583170080360C /* OtherTextViewController.swift in Sources */ = {isa = PBXBuildFile; fileRef = 06C9B30C213583170080360C /* OtherTextViewController.swift */; };
		06C9B3162136DFE10080360C /* ShareViewController.swift in Sources */ = {isa = PBXBuildFile; fileRef = 06C9B3152136DFE10080360C /* ShareViewController.swift */; };
		06C9B3192136DFE10080360C /* MainInterface.storyboard in Resources */ = {isa = PBXBuildFile; fileRef = 06C9B3172136DFE10080360C /* MainInterface.storyboard */; };
		06C9B31D2136DFE10080360C /* Share To App.appex in Embed App Extensions */ = {isa = PBXBuildFile; fileRef = 06C9B3132136DFE10080360C /* Share To App.appex */; settings = {ATTRIBUTES = (RemoveHeadersOnCopy, ); }; };
		06CD0771213252D6009757BC /* BookMarkView.swift in Sources */ = {isa = PBXBuildFile; fileRef = 06CD0770213252D6009757BC /* BookMarkView.swift */; };
		06CD079921327C24009757BC /* TextDocument.swift in Sources */ = {isa = PBXBuildFile; fileRef = 06CD079821327C24009757BC /* TextDocument.swift */; };
		06CD079B21327C65009757BC /* DocumentBrowserViewController.swift in Sources */ = {isa = PBXBuildFile; fileRef = 06CD079A21327C65009757BC /* DocumentBrowserViewController.swift */; };
		06CDFCCA213AB3F900E4B910 /* Localizable.strings in Resources */ = {isa = PBXBuildFile; fileRef = 06CDFCCC213AB3F900E4B910 /* Localizable.strings */; };
		06D00F082132AE09000D1935 /* DocumentTableViewCell.swift in Sources */ = {isa = PBXBuildFile; fileRef = 06D00F072132AE09000D1935 /* DocumentTableViewCell.swift */; };
		06D00F0A21341F4C000D1935 /* TestViewController.swift in Sources */ = {isa = PBXBuildFile; fileRef = 06D00F0921341F4C000D1935 /* TestViewController.swift */; };
		06F3155D214558A20021A188 /* DocumentOptionsViewController.swift in Sources */ = {isa = PBXBuildFile; fileRef = 060D8B8D2143D6680018D7EF /* DocumentOptionsViewController.swift */; };
		F393B76EC08D26B018021575 /* Pods_iOS_txtreader.framework in Frameworks */ = {isa = PBXBuildFile; fileRef = BFF82B24C591E05B2894F9B6 /* Pods_iOS_txtreader.framework */; };
/* End PBXBuildFile section */

/* Begin PBXContainerItemProxy section */
		06C9B31B2136DFE10080360C /* PBXContainerItemProxy */ = {
			isa = PBXContainerItemProxy;
			containerPortal = 064344B3212DBB1600EDFA2E /* Project object */;
			proxyType = 1;
			remoteGlobalIDString = 06C9B3122136DFE10080360C;
			remoteInfo = "Share To App";
		};
/* End PBXContainerItemProxy section */

/* Begin PBXCopyFilesBuildPhase section */
		06C9B3212136DFE10080360C /* Embed App Extensions */ = {
			isa = PBXCopyFilesBuildPhase;
			buildActionMask = 2147483647;
			dstPath = "";
			dstSubfolderSpec = 13;
			files = (
				06C9B31D2136DFE10080360C /* Share To App.appex in Embed App Extensions */,
			);
			name = "Embed App Extensions";
			runOnlyForDeploymentPostprocessing = 0;
		};
/* End PBXCopyFilesBuildPhase section */

/* Begin PBXFileReference section */
		060D8B8D2143D6680018D7EF /* DocumentOptionsViewController.swift */ = {isa = PBXFileReference; lastKnownFileType = sourcecode.swift; path = DocumentOptionsViewController.swift; sourceTree = "<group>"; };
		06135780213ED79F000E3AEE /* TextFileMO.swift */ = {isa = PBXFileReference; lastKnownFileType = sourcecode.swift; path = TextFileMO.swift; sourceTree = "<group>"; };
		06135786213ED9D4000E3AEE /* TextFileDAO.swift */ = {isa = PBXFileReference; lastKnownFileType = sourcecode.swift; path = TextFileDAO.swift; sourceTree = "<group>"; };
		061888C12144C98200A1B2E7 /* DocumentEncodingPreviewViewController.swift */ = {isa = PBXFileReference; lastKnownFileType = sourcecode.swift; path = DocumentEncodingPreviewViewController.swift; sourceTree = "<group>"; };
		064344BB212DBB1600EDFA2E /* iOS-txtreader.app */ = {isa = PBXFileReference; explicitFileType = wrapper.application; includeInIndex = 0; path = "iOS-txtreader.app"; sourceTree = BUILT_PRODUCTS_DIR; };
		064344BE212DBB1600EDFA2E /* AppDelegate.swift */ = {isa = PBXFileReference; lastKnownFileType = sourcecode.swift; path = AppDelegate.swift; sourceTree = "<group>"; };
		064344C0212DBB1600EDFA2E /* TextViewController.swift */ = {isa = PBXFileReference; lastKnownFileType = sourcecode.swift; path = TextViewController.swift; sourceTree = "<group>"; };
		064344C6212DBB1600EDFA2E /* iOS_txtreader.xcdatamodel */ = {isa = PBXFileReference; lastKnownFileType = wrapper.xcdatamodel; path = iOS_txtreader.xcdatamodel; sourceTree = "<group>"; };
		064344C8212DBB1600EDFA2E /* Assets.xcassets */ = {isa = PBXFileReference; lastKnownFileType = folder.assetcatalog; path = Assets.xcassets; sourceTree = "<group>"; };
		064344CB212DBB1600EDFA2E /* Base */ = {isa = PBXFileReference; lastKnownFileType = file.storyboard; name = Base; path = Base.lproj/LaunchScreen.storyboard; sourceTree = "<group>"; };
		064344CD212DBB1600EDFA2E /* Info.plist */ = {isa = PBXFileReference; lastKnownFileType = text.plist.xml; path = Info.plist; sourceTree = "<group>"; };
		069A8EE72130F9FB00CB6004 /* TextViewCell.swift */ = {isa = PBXFileReference; lastKnownFileType = sourcecode.swift; path = TextViewCell.swift; sourceTree = "<group>"; };
		069A8EE92130FAE300CB6004 /* Extensions.swift */ = {isa = PBXFileReference; fileEncoding = 4; lastKnownFileType = sourcecode.swift; path = Extensions.swift; sourceTree = "<group>"; };
		069A8EF12131031400CB6004 /* NanumGothicBold.ttf */ = {isa = PBXFileReference; lastKnownFileType = file; path = NanumGothicBold.ttf; sourceTree = "<group>"; };
		069A8EF22131031400CB6004 /* NanumMyeongjoExtraBold.ttf */ = {isa = PBXFileReference; lastKnownFileType = file; path = NanumMyeongjoExtraBold.ttf; sourceTree = "<group>"; };
		069A8EF32131031400CB6004 /* NanumGothicExtraBold.ttf */ = {isa = PBXFileReference; lastKnownFileType = file; path = NanumGothicExtraBold.ttf; sourceTree = "<group>"; };
		069A8EF42131031400CB6004 /* NanumGothic.ttf */ = {isa = PBXFileReference; lastKnownFileType = file; path = NanumGothic.ttf; sourceTree = "<group>"; };
		069A8EF52131031400CB6004 /* NanumMyeongjoBold.ttf */ = {isa = PBXFileReference; lastKnownFileType = file; path = NanumMyeongjoBold.ttf; sourceTree = "<group>"; };
		069A8EF62131031500CB6004 /* NanumBrush.ttf */ = {isa = PBXFileReference; lastKnownFileType = file; path = NanumBrush.ttf; sourceTree = "<group>"; };
		069A8EF72131031500CB6004 /* NanumPen.ttf */ = {isa = PBXFileReference; lastKnownFileType = file; path = NanumPen.ttf; sourceTree = "<group>"; };
		069A8EF82131031500CB6004 /* NanumMyeongjo.ttf */ = {isa = PBXFileReference; lastKnownFileType = file; path = NanumMyeongjo.ttf; sourceTree = "<group>"; };
		069A8F032131608C00CB6004 /* StreamReader.swift */ = {isa = PBXFileReference; lastKnownFileType = sourcecode.swift; path = StreamReader.swift; sourceTree = "<group>"; };
		069A8F05213161DF00CB6004 /* text.txt */ = {isa = PBXFileReference; fileEncoding = 4; lastKnownFileType = text; path = text.txt; sourceTree = "<group>"; };
		069A8F072131ACFD00CB6004 /* StringReader.swift */ = {isa = PBXFileReference; lastKnownFileType = sourcecode.swift; path = StringReader.swift; sourceTree = "<group>"; };
		06C9B30A21344A290080360C /* AnotherTextViewController.swift */ = {isa = PBXFileReference; lastKnownFileType = sourcecode.swift; path = AnotherTextViewController.swift; sourceTree = "<group>"; };
		06C9B30C213583170080360C /* OtherTextViewController.swift */ = {isa = PBXFileReference; lastKnownFileType = sourcecode.swift; path = OtherTextViewController.swift; sourceTree = "<group>"; };
		06C9B30E2136DF600080360C /* iOS-txtreader.entitlements */ = {isa = PBXFileReference; lastKnownFileType = text.plist.entitlements; path = "iOS-txtreader.entitlements"; sourceTree = "<group>"; };
		06C9B3132136DFE10080360C /* Share To App.appex */ = {isa = PBXFileReference; explicitFileType = "wrapper.app-extension"; includeInIndex = 0; path = "Share To App.appex"; sourceTree = BUILT_PRODUCTS_DIR; };
		06C9B3152136DFE10080360C /* ShareViewController.swift */ = {isa = PBXFileReference; lastKnownFileType = sourcecode.swift; path = ShareViewController.swift; sourceTree = "<group>"; };
		06C9B3182136DFE10080360C /* Base */ = {isa = PBXFileReference; lastKnownFileType = file.storyboard; name = Base; path = Base.lproj/MainInterface.storyboard; sourceTree = "<group>"; };
		06C9B31A2136DFE10080360C /* Info.plist */ = {isa = PBXFileReference; lastKnownFileType = text.plist.xml; path = Info.plist; sourceTree = "<group>"; };
		06CD0770213252D6009757BC /* BookMarkView.swift */ = {isa = PBXFileReference; lastKnownFileType = sourcecode.swift; path = BookMarkView.swift; sourceTree = "<group>"; };
		06CD079821327C24009757BC /* TextDocument.swift */ = {isa = PBXFileReference; lastKnownFileType = sourcecode.swift; path = TextDocument.swift; sourceTree = "<group>"; };
		06CD079A21327C65009757BC /* DocumentBrowserViewController.swift */ = {isa = PBXFileReference; fileEncoding = 4; lastKnownFileType = sourcecode.swift; path = DocumentBrowserViewController.swift; sourceTree = "<group>"; };
		06CDFCC6213AB3C900E4B910 /* ko */ = {isa = PBXFileReference; lastKnownFileType = text.plist.strings; name = ko; path = ko.lproj/LaunchScreen.strings; sourceTree = "<group>"; };
		06CDFCC7213AB3CA00E4B910 /* ko */ = {isa = PBXFileReference; lastKnownFileType = text.plist.strings; name = ko; path = ko.lproj/MainInterface.strings; sourceTree = "<group>"; };
		06CDFCCB213AB3F900E4B910 /* en */ = {isa = PBXFileReference; lastKnownFileType = text.plist.strings; name = en; path = en.lproj/Localizable.strings; sourceTree = "<group>"; };
		06CDFCCD213AB3FC00E4B910 /* ko */ = {isa = PBXFileReference; lastKnownFileType = text.plist.strings; name = ko; path = ko.lproj/Localizable.strings; sourceTree = "<group>"; };
		06CDFCCE213AD17C00E4B910 /* Base */ = {isa = PBXFileReference; lastKnownFileType = text.plist.strings; name = Base; path = Base.lproj/Localizable.strings; sourceTree = "<group>"; };
		06D00F072132AE09000D1935 /* DocumentTableViewCell.swift */ = {isa = PBXFileReference; lastKnownFileType = sourcecode.swift; path = DocumentTableViewCell.swift; sourceTree = "<group>"; };
		06D00F0921341F4C000D1935 /* TestViewController.swift */ = {isa = PBXFileReference; lastKnownFileType = sourcecode.swift; path = TestViewController.swift; sourceTree = "<group>"; };
		0A9844F609A4E80BF97EB80C /* Pods-iOS-txtreader.release.xcconfig */ = {isa = PBXFileReference; includeInIndex = 1; lastKnownFileType = text.xcconfig; name = "Pods-iOS-txtreader.release.xcconfig"; path = "Pods/Target Support Files/Pods-iOS-txtreader/Pods-iOS-txtreader.release.xcconfig"; sourceTree = "<group>"; };
		7AF16602133F081E474790E0 /* Pods-iOS-txtreader.debug.xcconfig */ = {isa = PBXFileReference; includeInIndex = 1; lastKnownFileType = text.xcconfig; name = "Pods-iOS-txtreader.debug.xcconfig"; path = "Pods/Target Support Files/Pods-iOS-txtreader/Pods-iOS-txtreader.debug.xcconfig"; sourceTree = "<group>"; };
		BFF82B24C591E05B2894F9B6 /* Pods_iOS_txtreader.framework */ = {isa = PBXFileReference; explicitFileType = wrapper.framework; includeInIndex = 0; path = Pods_iOS_txtreader.framework; sourceTree = BUILT_PRODUCTS_DIR; };
/* End PBXFileReference section */

/* Begin PBXFrameworksBuildPhase section */
		064344B8212DBB1600EDFA2E /* Frameworks */ = {
			isa = PBXFrameworksBuildPhase;
			buildActionMask = 2147483647;
			files = (
				F393B76EC08D26B018021575 /* Pods_iOS_txtreader.framework in Frameworks */,
			);
			runOnlyForDeploymentPostprocessing = 0;
		};
		06C9B3102136DFE10080360C /* Frameworks */ = {
			isa = PBXFrameworksBuildPhase;
			buildActionMask = 2147483647;
			files = (
			);
			runOnlyForDeploymentPostprocessing = 0;
		};
/* End PBXFrameworksBuildPhase section */

/* Begin PBXGroup section */
		0613577D213ED3B4000E3AEE /* Unused */ = {
			isa = PBXGroup;
			children = (
				069A8F032131608C00CB6004 /* StreamReader.swift */,
				064344C0212DBB1600EDFA2E /* TextViewController.swift */,
				06C9B30A21344A290080360C /* AnotherTextViewController.swift */,
				069A8F072131ACFD00CB6004 /* StringReader.swift */,
			);
			name = Unused;
			sourceTree = "<group>";
		};
		064344B2212DBB1600EDFA2E = {
			isa = PBXGroup;
			children = (
				064344BD212DBB1600EDFA2E /* iOS-txtreader */,
				06C9B3142136DFE10080360C /* Share To App */,
				064344BC212DBB1600EDFA2E /* Products */,
				89A0072DF7DAE41532D6C004 /* Pods */,
				83FBEA634FEAC4417A27C2D9 /* Frameworks */,
			);
			sourceTree = "<group>";
		};
		064344BC212DBB1600EDFA2E /* Products */ = {
			isa = PBXGroup;
			children = (
				064344BB212DBB1600EDFA2E /* iOS-txtreader.app */,
				06C9B3132136DFE10080360C /* Share To App.appex */,
			);
			name = Products;
			sourceTree = "<group>";
		};
		064344BD212DBB1600EDFA2E /* iOS-txtreader */ = {
			isa = PBXGroup;
			children = (
				0613577D213ED3B4000E3AEE /* Unused */,
				06CDFCCC213AB3F900E4B910 /* Localizable.strings */,
				0658D96521384076007C7669 /* New Group1 */,
				06C9B30E2136DF600080360C /* iOS-txtreader.entitlements */,
				06D00F062132AD8B000D1935 /* DocumentBrowserViewController */,
				06CD077521327A75009757BC /* TextViewController */,
				069A8F05213161DF00CB6004 /* text.txt */,
				069A8F022131031D00CB6004 /* Fonts */,
				064344BE212DBB1600EDFA2E /* AppDelegate.swift */,
				064344C8212DBB1600EDFA2E /* Assets.xcassets */,
				064344CA212DBB1600EDFA2E /* LaunchScreen.storyboard */,
				064344CD212DBB1600EDFA2E /* Info.plist */,
				064344C5212DBB1600EDFA2E /* iOS_txtreader.xcdatamodeld */,
				069A8EE92130FAE300CB6004 /* Extensions.swift */,
			);
			path = "iOS-txtreader";
			sourceTree = "<group>";
		};
		0658D96521384076007C7669 /* New Group1 */ = {
			isa = PBXGroup;
			children = (
			);
			path = "New Group1";
			sourceTree = "<group>";
		};
		069A8F022131031D00CB6004 /* Fonts */ = {
			isa = PBXGroup;
			children = (
				069A8EF62131031500CB6004 /* NanumBrush.ttf */,
				069A8EF42131031400CB6004 /* NanumGothic.ttf */,
				069A8EF12131031400CB6004 /* NanumGothicBold.ttf */,
				069A8EF32131031400CB6004 /* NanumGothicExtraBold.ttf */,
				069A8EF82131031500CB6004 /* NanumMyeongjo.ttf */,
				069A8EF52131031400CB6004 /* NanumMyeongjoBold.ttf */,
				069A8EF22131031400CB6004 /* NanumMyeongjoExtraBold.ttf */,
				069A8EF72131031500CB6004 /* NanumPen.ttf */,
			);
			name = Fonts;
			sourceTree = "<group>";
		};
		06C9B3142136DFE10080360C /* Share To App */ = {
			isa = PBXGroup;
			children = (
				06C9B3152136DFE10080360C /* ShareViewController.swift */,
				06C9B3172136DFE10080360C /* MainInterface.storyboard */,
				06C9B31A2136DFE10080360C /* Info.plist */,
			);
			path = "Share To App";
			sourceTree = "<group>";
		};
		06CD077521327A75009757BC /* TextViewController */ = {
			isa = PBXGroup;
			children = (
				06C9B30C213583170080360C /* OtherTextViewController.swift */,
				069A8EE72130F9FB00CB6004 /* TextViewCell.swift */,
				06D00F0921341F4C000D1935 /* TestViewController.swift */,
				06CD0770213252D6009757BC /* BookMarkView.swift */,
				06135780213ED79F000E3AEE /* TextFileMO.swift */,
				06135786213ED9D4000E3AEE /* TextFileDAO.swift */,
				061888C12144C98200A1B2E7 /* DocumentEncodingPreviewViewController.swift */,
			);
			path = TextViewController;
			sourceTree = "<group>";
		};
		06D00F062132AD8B000D1935 /* DocumentBrowserViewController */ = {
			isa = PBXGroup;
			children = (
				06CD079821327C24009757BC /* TextDocument.swift */,
				06CD079A21327C65009757BC /* DocumentBrowserViewController.swift */,
				06D00F072132AE09000D1935 /* DocumentTableViewCell.swift */,
				060D8B8D2143D6680018D7EF /* DocumentOptionsViewController.swift */,
			);
			name = DocumentBrowserViewController;
			path = "New Group";
			sourceTree = "<group>";
		};
		83FBEA634FEAC4417A27C2D9 /* Frameworks */ = {
			isa = PBXGroup;
			children = (
				BFF82B24C591E05B2894F9B6 /* Pods_iOS_txtreader.framework */,
			);
			name = Frameworks;
			sourceTree = "<group>";
		};
		89A0072DF7DAE41532D6C004 /* Pods */ = {
			isa = PBXGroup;
			children = (
				7AF16602133F081E474790E0 /* Pods-iOS-txtreader.debug.xcconfig */,
				0A9844F609A4E80BF97EB80C /* Pods-iOS-txtreader.release.xcconfig */,
			);
			name = Pods;
			sourceTree = "<group>";
		};
/* End PBXGroup section */

/* Begin PBXNativeTarget section */
		064344BA212DBB1600EDFA2E /* iOS-txtreader */ = {
			isa = PBXNativeTarget;
			buildConfigurationList = 064344D0212DBB1600EDFA2E /* Build configuration list for PBXNativeTarget "iOS-txtreader" */;
			buildPhases = (
				C91D98E3554F97B7C3C320F3 /* [CP] Check Pods Manifest.lock */,
				064344B7212DBB1600EDFA2E /* Sources */,
				064344B8212DBB1600EDFA2E /* Frameworks */,
				064344B9212DBB1600EDFA2E /* Resources */,
				9C9956B3DD280181E69E11C5 /* [CP] Embed Pods Frameworks */,
				06C9B3212136DFE10080360C /* Embed App Extensions */,
			);
			buildRules = (
			);
			dependencies = (
				06C9B31C2136DFE10080360C /* PBXTargetDependency */,
			);
			name = "iOS-txtreader";
			productName = "iOS-txtreader";
			productReference = 064344BB212DBB1600EDFA2E /* iOS-txtreader.app */;
			productType = "com.apple.product-type.application";
		};
		06C9B3122136DFE10080360C /* Share To App */ = {
			isa = PBXNativeTarget;
			buildConfigurationList = 06C9B31E2136DFE10080360C /* Build configuration list for PBXNativeTarget "Share To App" */;
			buildPhases = (
				06C9B30F2136DFE10080360C /* Sources */,
				06C9B3102136DFE10080360C /* Frameworks */,
				06C9B3112136DFE10080360C /* Resources */,
			);
			buildRules = (
			);
			dependencies = (
			);
			name = "Share To App";
			productName = "Share To App";
			productReference = 06C9B3132136DFE10080360C /* Share To App.appex */;
			productType = "com.apple.product-type.app-extension";
		};
/* End PBXNativeTarget section */

/* Begin PBXProject section */
		064344B3212DBB1600EDFA2E /* Project object */ = {
			isa = PBXProject;
			attributes = {
				LastSwiftUpdateCheck = 0940;
				LastUpgradeCheck = 0940;
				ORGANIZATIONNAME = "조세상";
				TargetAttributes = {
					064344BA212DBB1600EDFA2E = {
						CreatedOnToolsVersion = 9.4.1;
						SystemCapabilities = {
							com.apple.ApplicationGroups.iOS = {
								enabled = 0;
							};
						};
					};
					06C9B3122136DFE10080360C = {
						CreatedOnToolsVersion = 9.4.1;
					};
				};
			};
			buildConfigurationList = 064344B6212DBB1600EDFA2E /* Build configuration list for PBXProject "iOS-txtreader" */;
			compatibilityVersion = "Xcode 9.3";
			developmentRegion = en;
			hasScannedForEncodings = 0;
			knownRegions = (
				en,
				Base,
				ko,
			);
			mainGroup = 064344B2212DBB1600EDFA2E;
			productRefGroup = 064344BC212DBB1600EDFA2E /* Products */;
			projectDirPath = "";
			projectRoot = "";
			targets = (
				064344BA212DBB1600EDFA2E /* iOS-txtreader */,
				06C9B3122136DFE10080360C /* Share To App */,
			);
		};
/* End PBXProject section */

/* Begin PBXResourcesBuildPhase section */
		064344B9212DBB1600EDFA2E /* Resources */ = {
			isa = PBXResourcesBuildPhase;
			buildActionMask = 2147483647;
			files = (
				069A8EFC2131031500CB6004 /* NanumGothic.ttf in Resources */,
				069A8EF92131031500CB6004 /* NanumGothicBold.ttf in Resources */,
				069A8F06213161DF00CB6004 /* text.txt in Resources */,
				069A8EFD2131031500CB6004 /* NanumMyeongjoBold.ttf in Resources */,
				064344CC212DBB1600EDFA2E /* LaunchScreen.storyboard in Resources */,
				06CDFCCA213AB3F900E4B910 /* Localizable.strings in Resources */,
				069A8EFA2131031500CB6004 /* NanumMyeongjoExtraBold.ttf in Resources */,
				069A8EFE2131031500CB6004 /* NanumBrush.ttf in Resources */,
				069A8EFB2131031500CB6004 /* NanumGothicExtraBold.ttf in Resources */,
				069A8EFF2131031500CB6004 /* NanumPen.ttf in Resources */,
				069A8F002131031500CB6004 /* NanumMyeongjo.ttf in Resources */,
				064344C9212DBB1600EDFA2E /* Assets.xcassets in Resources */,
			);
			runOnlyForDeploymentPostprocessing = 0;
		};
		06C9B3112136DFE10080360C /* Resources */ = {
			isa = PBXResourcesBuildPhase;
			buildActionMask = 2147483647;
			files = (
				06C9B3192136DFE10080360C /* MainInterface.storyboard in Resources */,
			);
			runOnlyForDeploymentPostprocessing = 0;
		};
/* End PBXResourcesBuildPhase section */

/* Begin PBXShellScriptBuildPhase section */
		9C9956B3DD280181E69E11C5 /* [CP] Embed Pods Frameworks */ = {
			isa = PBXShellScriptBuildPhase;
			buildActionMask = 2147483647;
			files = (
			);
			inputPaths = (
				"${SRCROOT}/Pods/Target Support Files/Pods-iOS-txtreader/Pods-iOS-txtreader-frameworks.sh",
				"${BUILT_PRODUCTS_DIR}/Alamofire/Alamofire.framework",
				"${BUILT_PRODUCTS_DIR}/SDWebImage/SDWebImage.framework",
				"${BUILT_PRODUCTS_DIR}/SnapKit/SnapKit.framework",
			);
			name = "[CP] Embed Pods Frameworks";
			outputPaths = (
				"${TARGET_BUILD_DIR}/${FRAMEWORKS_FOLDER_PATH}/Alamofire.framework",
				"${TARGET_BUILD_DIR}/${FRAMEWORKS_FOLDER_PATH}/SDWebImage.framework",
				"${TARGET_BUILD_DIR}/${FRAMEWORKS_FOLDER_PATH}/SnapKit.framework",
			);
			runOnlyForDeploymentPostprocessing = 0;
			shellPath = /bin/sh;
			shellScript = "\"${SRCROOT}/Pods/Target Support Files/Pods-iOS-txtreader/Pods-iOS-txtreader-frameworks.sh\"\n";
			showEnvVarsInLog = 0;
		};
		C91D98E3554F97B7C3C320F3 /* [CP] Check Pods Manifest.lock */ = {
			isa = PBXShellScriptBuildPhase;
			buildActionMask = 2147483647;
			files = (
			);
			inputPaths = (
				"${PODS_PODFILE_DIR_PATH}/Podfile.lock",
				"${PODS_ROOT}/Manifest.lock",
			);
			name = "[CP] Check Pods Manifest.lock";
			outputPaths = (
				"$(DERIVED_FILE_DIR)/Pods-iOS-txtreader-checkManifestLockResult.txt",
			);
			runOnlyForDeploymentPostprocessing = 0;
			shellPath = /bin/sh;
			shellScript = "diff \"${PODS_PODFILE_DIR_PATH}/Podfile.lock\" \"${PODS_ROOT}/Manifest.lock\" > /dev/null\nif [ $? != 0 ] ; then\n    # print error to STDERR\n    echo \"error: The sandbox is not in sync with the Podfile.lock. Run 'pod install' or update your CocoaPods installation.\" >&2\n    exit 1\nfi\n# This output is used by Xcode 'outputs' to avoid re-running this script phase.\necho \"SUCCESS\" > \"${SCRIPT_OUTPUT_FILE_0}\"\n";
			showEnvVarsInLog = 0;
		};
/* End PBXShellScriptBuildPhase section */

/* Begin PBXSourcesBuildPhase section */
		064344B7212DBB1600EDFA2E /* Sources */ = {
			isa = PBXSourcesBuildPhase;
			buildActionMask = 2147483647;
			files = (
				069A8F082131ACFD00CB6004 /* StringReader.swift in Sources */,
				069A8F042131608C00CB6004 /* StreamReader.swift in Sources */,
				06CD079B21327C65009757BC /* DocumentBrowserViewController.swift in Sources */,
				069A8EEA2130FAE300CB6004 /* Extensions.swift in Sources */,
				06C9B30B21344A290080360C /* AnotherTextViewController.swift in Sources */,
				06135787213ED9D4000E3AEE /* TextFileDAO.swift in Sources */,
				06F3155D214558A20021A188 /* DocumentOptionsViewController.swift in Sources */,
				064344C1212DBB1600EDFA2E /* TextViewController.swift in Sources */,
				06C9B30D213583170080360C /* OtherTextViewController.swift in Sources */,
				061888C22144C98200A1B2E7 /* DocumentEncodingPreviewViewController.swift in Sources */,
				06CD079921327C24009757BC /* TextDocument.swift in Sources */,
				069A8EE82130F9FB00CB6004 /* TextViewCell.swift in Sources */,
				06135781213ED79F000E3AEE /* TextFileMO.swift in Sources */,
				06D00F082132AE09000D1935 /* DocumentTableViewCell.swift in Sources */,
				064344C7212DBB1600EDFA2E /* iOS_txtreader.xcdatamodeld in Sources */,
				06CD0771213252D6009757BC /* BookMarkView.swift in Sources */,
				06D00F0A21341F4C000D1935 /* TestViewController.swift in Sources */,
				064344BF212DBB1600EDFA2E /* AppDelegate.swift in Sources */,
			);
			runOnlyForDeploymentPostprocessing = 0;
		};
		06C9B30F2136DFE10080360C /* Sources */ = {
			isa = PBXSourcesBuildPhase;
			buildActionMask = 2147483647;
			files = (
				06C9B3162136DFE10080360C /* ShareViewController.swift in Sources */,
			);
			runOnlyForDeploymentPostprocessing = 0;
		};
/* End PBXSourcesBuildPhase section */

/* Begin PBXTargetDependency section */
		06C9B31C2136DFE10080360C /* PBXTargetDependency */ = {
			isa = PBXTargetDependency;
			target = 06C9B3122136DFE10080360C /* Share To App */;
			targetProxy = 06C9B31B2136DFE10080360C /* PBXContainerItemProxy */;
		};
/* End PBXTargetDependency section */

/* Begin PBXVariantGroup section */
		064344CA212DBB1600EDFA2E /* LaunchScreen.storyboard */ = {
			isa = PBXVariantGroup;
			children = (
				064344CB212DBB1600EDFA2E /* Base */,
				06CDFCC6213AB3C900E4B910 /* ko */,
			);
			name = LaunchScreen.storyboard;
			sourceTree = "<group>";
		};
		06C9B3172136DFE10080360C /* MainInterface.storyboard */ = {
			isa = PBXVariantGroup;
			children = (
				06C9B3182136DFE10080360C /* Base */,
				06CDFCC7213AB3CA00E4B910 /* ko */,
			);
			name = MainInterface.storyboard;
			sourceTree = "<group>";
		};
		06CDFCCC213AB3F900E4B910 /* Localizable.strings */ = {
			isa = PBXVariantGroup;
			children = (
				06CDFCCB213AB3F900E4B910 /* en */,
				06CDFCCD213AB3FC00E4B910 /* ko */,
				06CDFCCE213AD17C00E4B910 /* Base */,
			);
			name = Localizable.strings;
			sourceTree = "<group>";
		};
/* End PBXVariantGroup section */

/* Begin XCBuildConfiguration section */
		064344CE212DBB1600EDFA2E /* Debug */ = {
			isa = XCBuildConfiguration;
			buildSettings = {
				ALWAYS_SEARCH_USER_PATHS = NO;
				CLANG_ANALYZER_LOCALIZABILITY_NONLOCALIZED = YES;
				CLANG_ANALYZER_NONNULL = YES;
				CLANG_ANALYZER_NUMBER_OBJECT_CONVERSION = YES_AGGRESSIVE;
				CLANG_CXX_LANGUAGE_STANDARD = "gnu++14";
				CLANG_CXX_LIBRARY = "libc++";
				CLANG_ENABLE_MODULES = YES;
				CLANG_ENABLE_OBJC_ARC = YES;
				CLANG_ENABLE_OBJC_WEAK = YES;
				CLANG_WARN_BLOCK_CAPTURE_AUTORELEASING = YES;
				CLANG_WARN_BOOL_CONVERSION = YES;
				CLANG_WARN_COMMA = YES;
				CLANG_WARN_CONSTANT_CONVERSION = YES;
				CLANG_WARN_DEPRECATED_OBJC_IMPLEMENTATIONS = YES;
				CLANG_WARN_DIRECT_OBJC_ISA_USAGE = YES_ERROR;
				CLANG_WARN_DOCUMENTATION_COMMENTS = YES;
				CLANG_WARN_EMPTY_BODY = YES;
				CLANG_WARN_ENUM_CONVERSION = YES;
				CLANG_WARN_INFINITE_RECURSION = YES;
				CLANG_WARN_INT_CONVERSION = YES;
				CLANG_WARN_NON_LITERAL_NULL_CONVERSION = YES;
				CLANG_WARN_OBJC_IMPLICIT_RETAIN_SELF = YES;
				CLANG_WARN_OBJC_LITERAL_CONVERSION = YES;
				CLANG_WARN_OBJC_ROOT_CLASS = YES_ERROR;
				CLANG_WARN_RANGE_LOOP_ANALYSIS = YES;
				CLANG_WARN_STRICT_PROTOTYPES = YES;
				CLANG_WARN_SUSPICIOUS_MOVE = YES;
				CLANG_WARN_UNGUARDED_AVAILABILITY = YES_AGGRESSIVE;
				CLANG_WARN_UNREACHABLE_CODE = YES;
				CLANG_WARN__DUPLICATE_METHOD_MATCH = YES;
				CODE_SIGN_IDENTITY = "iPhone Developer";
				COPY_PHASE_STRIP = NO;
				DEBUG_INFORMATION_FORMAT = dwarf;
				ENABLE_STRICT_OBJC_MSGSEND = YES;
				ENABLE_TESTABILITY = YES;
				GCC_C_LANGUAGE_STANDARD = gnu11;
				GCC_DYNAMIC_NO_PIC = NO;
				GCC_NO_COMMON_BLOCKS = YES;
				GCC_OPTIMIZATION_LEVEL = 0;
				GCC_PREPROCESSOR_DEFINITIONS = (
					"DEBUG=1",
					"$(inherited)",
				);
				GCC_WARN_64_TO_32_BIT_CONVERSION = YES;
				GCC_WARN_ABOUT_RETURN_TYPE = YES_ERROR;
				GCC_WARN_UNDECLARED_SELECTOR = YES;
				GCC_WARN_UNINITIALIZED_AUTOS = YES_AGGRESSIVE;
				GCC_WARN_UNUSED_FUNCTION = YES;
				GCC_WARN_UNUSED_VARIABLE = YES;
				IPHONEOS_DEPLOYMENT_TARGET = 11.4;
				MTL_ENABLE_DEBUG_INFO = YES;
				ONLY_ACTIVE_ARCH = YES;
				SDKROOT = iphoneos;
				SWIFT_ACTIVE_COMPILATION_CONDITIONS = DEBUG;
				SWIFT_OPTIMIZATION_LEVEL = "-Onone";
			};
			name = Debug;
		};
		064344CF212DBB1600EDFA2E /* Release */ = {
			isa = XCBuildConfiguration;
			buildSettings = {
				ALWAYS_SEARCH_USER_PATHS = NO;
				CLANG_ANALYZER_LOCALIZABILITY_NONLOCALIZED = YES;
				CLANG_ANALYZER_NONNULL = YES;
				CLANG_ANALYZER_NUMBER_OBJECT_CONVERSION = YES_AGGRESSIVE;
				CLANG_CXX_LANGUAGE_STANDARD = "gnu++14";
				CLANG_CXX_LIBRARY = "libc++";
				CLANG_ENABLE_MODULES = YES;
				CLANG_ENABLE_OBJC_ARC = YES;
				CLANG_ENABLE_OBJC_WEAK = YES;
				CLANG_WARN_BLOCK_CAPTURE_AUTORELEASING = YES;
				CLANG_WARN_BOOL_CONVERSION = YES;
				CLANG_WARN_COMMA = YES;
				CLANG_WARN_CONSTANT_CONVERSION = YES;
				CLANG_WARN_DEPRECATED_OBJC_IMPLEMENTATIONS = YES;
				CLANG_WARN_DIRECT_OBJC_ISA_USAGE = YES_ERROR;
				CLANG_WARN_DOCUMENTATION_COMMENTS = YES;
				CLANG_WARN_EMPTY_BODY = YES;
				CLANG_WARN_ENUM_CONVERSION = YES;
				CLANG_WARN_INFINITE_RECURSION = YES;
				CLANG_WARN_INT_CONVERSION = YES;
				CLANG_WARN_NON_LITERAL_NULL_CONVERSION = YES;
				CLANG_WARN_OBJC_IMPLICIT_RETAIN_SELF = YES;
				CLANG_WARN_OBJC_LITERAL_CONVERSION = YES;
				CLANG_WARN_OBJC_ROOT_CLASS = YES_ERROR;
				CLANG_WARN_RANGE_LOOP_ANALYSIS = YES;
				CLANG_WARN_STRICT_PROTOTYPES = YES;
				CLANG_WARN_SUSPICIOUS_MOVE = YES;
				CLANG_WARN_UNGUARDED_AVAILABILITY = YES_AGGRESSIVE;
				CLANG_WARN_UNREACHABLE_CODE = YES;
				CLANG_WARN__DUPLICATE_METHOD_MATCH = YES;
				CODE_SIGN_IDENTITY = "iPhone Developer";
				COPY_PHASE_STRIP = NO;
				DEBUG_INFORMATION_FORMAT = "dwarf-with-dsym";
				ENABLE_NS_ASSERTIONS = NO;
				ENABLE_STRICT_OBJC_MSGSEND = YES;
				GCC_C_LANGUAGE_STANDARD = gnu11;
				GCC_NO_COMMON_BLOCKS = YES;
				GCC_WARN_64_TO_32_BIT_CONVERSION = YES;
				GCC_WARN_ABOUT_RETURN_TYPE = YES_ERROR;
				GCC_WARN_UNDECLARED_SELECTOR = YES;
				GCC_WARN_UNINITIALIZED_AUTOS = YES_AGGRESSIVE;
				GCC_WARN_UNUSED_FUNCTION = YES;
				GCC_WARN_UNUSED_VARIABLE = YES;
				IPHONEOS_DEPLOYMENT_TARGET = 11.4;
				MTL_ENABLE_DEBUG_INFO = NO;
				SDKROOT = iphoneos;
				SWIFT_COMPILATION_MODE = wholemodule;
				SWIFT_OPTIMIZATION_LEVEL = "-O";
				VALIDATE_PRODUCT = YES;
			};
			name = Release;
		};
		064344D1212DBB1600EDFA2E /* Debug */ = {
			isa = XCBuildConfiguration;
			baseConfigurationReference = 7AF16602133F081E474790E0 /* Pods-iOS-txtreader.debug.xcconfig */;
			buildSettings = {
				ALWAYS_EMBED_SWIFT_STANDARD_LIBRARIES = YES;
				ASSETCATALOG_COMPILER_APPICON_NAME = AppIcon;
				CODE_SIGN_STYLE = Automatic;
				DEVELOPMENT_TEAM = 7GDRWN9V7N;
				INFOPLIST_FILE = "iOS-txtreader/Info.plist";
				IPHONEOS_DEPLOYMENT_TARGET = 9.0;
				LD_RUNPATH_SEARCH_PATHS = (
					"$(inherited)",
					"@executable_path/Frameworks",
				);
				PRODUCT_BUNDLE_IDENTIFIER = "sesang06.iOS-txtreader";
				PRODUCT_NAME = "$(TARGET_NAME)";
				SWIFT_VERSION = 4.0;
				TARGETED_DEVICE_FAMILY = "1,2";
			};
			name = Debug;
		};
		064344D2212DBB1600EDFA2E /* Release */ = {
			isa = XCBuildConfiguration;
			baseConfigurationReference = 0A9844F609A4E80BF97EB80C /* Pods-iOS-txtreader.release.xcconfig */;
			buildSettings = {
				ALWAYS_EMBED_SWIFT_STANDARD_LIBRARIES = YES;
				ASSETCATALOG_COMPILER_APPICON_NAME = AppIcon;
				CODE_SIGN_STYLE = Automatic;
				DEVELOPMENT_TEAM = 7GDRWN9V7N;
				INFOPLIST_FILE = "iOS-txtreader/Info.plist";
				IPHONEOS_DEPLOYMENT_TARGET = 9.0;
				LD_RUNPATH_SEARCH_PATHS = (
					"$(inherited)",
					"@executable_path/Frameworks",
				);
				PRODUCT_BUNDLE_IDENTIFIER = "sesang06.iOS-txtreader";
				PRODUCT_NAME = "$(TARGET_NAME)";
				SWIFT_VERSION = 4.0;
				TARGETED_DEVICE_FAMILY = "1,2";
			};
			name = Release;
		};
		06C9B31F2136DFE10080360C /* Debug */ = {
			isa = XCBuildConfiguration;
			buildSettings = {
				CODE_SIGN_STYLE = Automatic;
				DEVELOPMENT_TEAM = 7GDRWN9V7N;
				INFOPLIST_FILE = "Share To App/Info.plist";
				LD_RUNPATH_SEARCH_PATHS = (
					"$(inherited)",
					"@executable_path/Frameworks",
					"@executable_path/../../Frameworks",
				);
				PRODUCT_BUNDLE_IDENTIFIER = "sesang06.iOS-txtreader.Share-To-App";
				PRODUCT_NAME = "$(TARGET_NAME)";
				SKIP_INSTALL = YES;
				SWIFT_VERSION = 4.0;
				TARGETED_DEVICE_FAMILY = "1,2";
			};
			name = Debug;
		};
		06C9B3202136DFE10080360C /* Release */ = {
			isa = XCBuildConfiguration;
			buildSettings = {
				CODE_SIGN_STYLE = Automatic;
				DEVELOPMENT_TEAM = 7GDRWN9V7N;
				INFOPLIST_FILE = "Share To App/Info.plist";
				LD_RUNPATH_SEARCH_PATHS = (
					"$(inherited)",
					"@executable_path/Frameworks",
					"@executable_path/../../Frameworks",
				);
				PRODUCT_BUNDLE_IDENTIFIER = "sesang06.iOS-txtreader.Share-To-App";
				PRODUCT_NAME = "$(TARGET_NAME)";
				SKIP_INSTALL = YES;
				SWIFT_VERSION = 4.0;
				TARGETED_DEVICE_FAMILY = "1,2";
			};
			name = Release;
		};
/* End XCBuildConfiguration section */

/* Begin XCConfigurationList section */
		064344B6212DBB1600EDFA2E /* Build configuration list for PBXProject "iOS-txtreader" */ = {
			isa = XCConfigurationList;
			buildConfigurations = (
				064344CE212DBB1600EDFA2E /* Debug */,
				064344CF212DBB1600EDFA2E /* Release */,
			);
			defaultConfigurationIsVisible = 0;
			defaultConfigurationName = Release;
		};
		064344D0212DBB1600EDFA2E /* Build configuration list for PBXNativeTarget "iOS-txtreader" */ = {
			isa = XCConfigurationList;
			buildConfigurations = (
				064344D1212DBB1600EDFA2E /* Debug */,
				064344D2212DBB1600EDFA2E /* Release */,
			);
			defaultConfigurationIsVisible = 0;
			defaultConfigurationName = Release;
		};
		06C9B31E2136DFE10080360C /* Build configuration list for PBXNativeTarget "Share To App" */ = {
			isa = XCConfigurationList;
			buildConfigurations = (
				06C9B31F2136DFE10080360C /* Debug */,
				06C9B3202136DFE10080360C /* Release */,
			);
			defaultConfigurationIsVisible = 0;
			defaultConfigurationName = Release;
		};
/* End XCConfigurationList section */

/* Begin XCVersionGroup section */
		064344C5212DBB1600EDFA2E /* iOS_txtreader.xcdatamodeld */ = {
			isa = XCVersionGroup;
			children = (
				064344C6212DBB1600EDFA2E /* iOS_txtreader.xcdatamodel */,
			);
			currentVersion = 064344C6212DBB1600EDFA2E /* iOS_txtreader.xcdatamodel */;
			path = iOS_txtreader.xcdatamodeld;
			sourceTree = "<group>";
			versionGroupType = wrapper.xcdatamodel;
		};
/* End XCVersionGroup section */
	};
	rootObject = 064344B3212DBB1600EDFA2E /* Project object */;
}
